
Microsoft Visual Studio Solution File, Format Version 12.00
# Visual Studio Version 16
VisualStudioVersion = 16.0.30413.136
MinimumVisualStudioVersion = 10.0.40219.1
Project("{FAE04EC0-301F-11D3-BF4B-00C04F79EFBC}") = "Cringe.Android", "Cringe.Android\Cringe.Android.csproj", "{BEE012DC-3836-4736-936E-1807C22DE374}"
EndProject
Project("{FAE04EC0-301F-11D3-BF4B-00C04F79EFBC}") = "Cringe.iOS", "Cringe.iOS\Cringe.iOS.csproj", "{DDF29E2E-FB38-45D1-99E4-99E41EFBF814}"
EndProject
Project("{FAE04EC0-301F-11D3-BF4B-00C04F79EFBC}") = "Cringe", "Cringe\Cringe.csproj", "{3242FB0A-DE92-4675-A503-6B0FC43A14B9}"
EndProject
Global
	GlobalSection(SolutionConfigurationPlatforms) = preSolution
		Debug|Any CPU = Debug|Any CPU
		Debug|iPhone = Debug|iPhone
		Debug|iPhoneSimulator = Debug|iPhoneSimulator
		Release|Any CPU = Release|Any CPU
		Release|iPhone = Release|iPhone
		Release|iPhoneSimulator = Release|iPhoneSimulator
	EndGlobalSection
	GlobalSection(ProjectConfigurationPlatforms) = postSolution
		{BEE012DC-3836-4736-936E-1807C22DE374}.Debug|Any CPU.ActiveCfg = Debug|Any CPU
		{BEE012DC-3836-4736-936E-1807C22DE374}.Debug|Any CPU.Build.0 = Debug|Any CPU
		{BEE012DC-3836-4736-936E-1807C22DE374}.Debug|Any CPU.Deploy.0 = Debug|Any CPU
		{BEE012DC-3836-4736-936E-1807C22DE374}.Debug|iPhone.ActiveCfg = Debug|Any CPU
		{BEE012DC-3836-4736-936E-1807C22DE374}.Debug|iPhone.Build.0 = Debug|Any CPU
		{BEE012DC-3836-4736-936E-1807C22DE374}.Debug|iPhone.Deploy.0 = Debug|Any CPU
		{BEE012DC-3836-4736-936E-1807C22DE374}.Debug|iPhoneSimulator.ActiveCfg = Debug|Any CPU
		{BEE012DC-3836-4736-936E-1807C22DE374}.Debug|iPhoneSimulator.Build.0 = Debug|Any CPU
		{BEE012DC-3836-4736-936E-1807C22DE374}.Debug|iPhoneSimulator.Deploy.0 = Debug|Any CPU
		{BEE012DC-3836-4736-936E-1807C22DE374}.Release|Any CPU.ActiveCfg = Release|Any CPU
		{BEE012DC-3836-4736-936E-1807C22DE374}.Release|Any CPU.Build.0 = Release|Any CPU
		{BEE012DC-3836-4736-936E-1807C22DE374}.Release|Any CPU.Deploy.0 = Release|Any CPU
		{BEE012DC-3836-4736-936E-1807C22DE374}.Release|iPhone.ActiveCfg = Release|Any CPU
		{BEE012DC-3836-4736-936E-1807C22DE374}.Release|iPhone.Build.0 = Release|Any CPU
		{BEE012DC-3836-4736-936E-1807C22DE374}.Release|iPhone.Deploy.0 = Release|Any CPU
		{BEE012DC-3836-4736-936E-1807C22DE374}.Release|iPhoneSimulator.ActiveCfg = Release|Any CPU
		{BEE012DC-3836-4736-936E-1807C22DE374}.Release|iPhoneSimulator.Build.0 = Release|Any CPU
		{BEE012DC-3836-4736-936E-1807C22DE374}.Release|iPhoneSimulator.Deploy.0 = Release|Any CPU
		{DDF29E2E-FB38-45D1-99E4-99E41EFBF814}.Debug|Any CPU.ActiveCfg = Debug|iPhone
		{DDF29E2E-FB38-45D1-99E4-99E41EFBF814}.Debug|Any CPU.Build.0 = Debug|iPhone
		{DDF29E2E-FB38-45D1-99E4-99E41EFBF814}.Debug|Any CPU.Deploy.0 = Debug|iPhone
		{DDF29E2E-FB38-45D1-99E4-99E41EFBF814}.Debug|iPhone.ActiveCfg = Debug|iPhone
		{DDF29E2E-FB38-45D1-99E4-99E41EFBF814}.Debug|iPhone.Build.0 = Debug|iPhone
		{DDF29E2E-FB38-45D1-99E4-99E41EFBF814}.Debug|iPhone.Deploy.0 = Debug|iPhone
		{DDF29E2E-FB38-45D1-99E4-99E41EFBF814}.Debug|iPhoneSimulator.ActiveCfg = Debug|iPhoneSimulator
		{DDF29E2E-FB38-45D1-99E4-99E41EFBF814}.Debug|iPhoneSimulator.Build.0 = Debug|iPhoneSimulator
		{DDF29E2E-FB38-45D1-99E4-99E41EFBF814}.Debug|iPhoneSimulator.Deploy.0 = Debug|iPhoneSimulator
		{DDF29E2E-FB38-45D1-99E4-99E41EFBF814}.Release|Any CPU.ActiveCfg = Release|iPhone
		{DDF29E2E-FB38-45D1-99E4-99E41EFBF814}.Release|Any CPU.Build.0 = Release|iPhone
		{DDF29E2E-FB38-45D1-99E4-99E41EFBF814}.Release|Any CPU.Deploy.0 = Release|iPhone
		{DDF29E2E-FB38-45D1-99E4-99E41EFBF814}.Release|iPhone.ActiveCfg = Release|iPhone
		{DDF29E2E-FB38-45D1-99E4-99E41EFBF814}.Release|iPhone.Build.0 = Release|iPhone
		{DDF29E2E-FB38-45D1-99E4-99E41EFBF814}.Release|iPhone.Deploy.0 = Release|iPhone
		{DDF29E2E-FB38-45D1-99E4-99E41EFBF814}.Release|iPhoneSimulator.ActiveCfg = Release|iPhoneSimulator
		{DDF29E2E-FB38-45D1-99E4-99E41EFBF814}.Release|iPhoneSimulator.Build.0 = Release|iPhoneSimulator
		{DDF29E2E-FB38-45D1-99E4-99E41EFBF814}.Release|iPhoneSimulator.Deploy.0 = Release|iPhoneSimulator
		{3242FB0A-DE92-4675-A503-6B0FC43A14B9}.Debug|Any CPU.ActiveCfg = Debug|Any CPU
		{3242FB0A-DE92-4675-A503-6B0FC43A14B9}.Debug|Any CPU.Build.0 = Debug|Any CPU
		{3242FB0A-DE92-4675-A503-6B0FC43A14B9}.Debug|Any CPU.Deploy.0 = Debug|Any CPU
		{3242FB0A-DE92-4675-A503-6B0FC43A14B9}.Debug|iPhone.ActiveCfg = Debug|Any CPU
		{3242FB0A-DE92-4675-A503-6B0FC43A14B9}.Debug|iPhone.Build.0 = Debug|Any CPU
		{3242FB0A-DE92-4675-A503-6B0FC43A14B9}.Debug|iPhone.Deploy.0 = Debug|Any CPU
		{3242FB0A-DE92-4675-A503-6B0FC43A14B9}.Debug|iPhoneSimulator.ActiveCfg = Debug|Any CPU
		{3242FB0A-DE92-4675-A503-6B0FC43A14B9}.Debug|iPhoneSimulator.Build.0 = Debug|Any CPU
		{3242FB0A-DE92-4675-A503-6B0FC43A14B9}.Debug|iPhoneSimulator.Deploy.0 = Debug|Any CPU
		{3242FB0A-DE92-4675-A503-6B0FC43A14B9}.Release|Any CPU.ActiveCfg = Release|Any CPU
		{3242FB0A-DE92-4675-A503-6B0FC43A14B9}.Release|Any CPU.Build.0 = Release|Any CPU
		{3242FB0A-DE92-4675-A503-6B0FC43A14B9}.Release|Any CPU.Deploy.0 = Release|Any CPU
		{3242FB0A-DE92-4675-A503-6B0FC43A14B9}.Release|iPhone.ActiveCfg = Release|Any CPU
		{3242FB0A-DE92-4675-A503-6B0FC43A14B9}.Release|iPhone.Build.0 = Release|Any CPU
		{3242FB0A-DE92-4675-A503-6B0FC43A14B9}.Release|iPhone.Deploy.0 = Release|Any CPU
		{3242FB0A-DE92-4675-A503-6B0FC43A14B9}.Release|iPhoneSimulator.ActiveCfg = Release|Any CPU
		{3242FB0A-DE92-4675-A503-6B0FC43A14B9}.Release|iPhoneSimulator.Build.0 = Release|Any CPU
		{3242FB0A-DE92-4675-A503-6B0FC43A14B9}.Release|iPhoneSimulator.Deploy.0 = Release|Any CPU
	EndGlobalSection
	GlobalSection(SolutionProperties) = preSolution
		HideSolutionNode = FALSE
	EndGlobalSection
	GlobalSection(ExtensibilityGlobals) = postSolution
		SolutionGuid = {1A89D64C-6801-4283-BEB8-ABFBA44F7178}
	EndGlobalSection
EndGlobal
